
Microsoft Visual Studio Solution File, Format Version 12.00
# Visual Studio Version 16
VisualStudioVersion = 16.0.31320.298
MinimumVisualStudioVersion = 10.0.40219.1
Project("{9A19103F-16F7-4668-BE54-9A1E7A4F7556}") = "HackerRank.DataStructures", "HackerRank.DataStructures\HackerRank.DataStructures.csproj", "{572034BF-AF97-49E0-8FD1-F2C728150C02}"
EndProject
Project("{9A19103F-16F7-4668-BE54-9A1E7A4F7556}") = "HackerRank.DataStructures.Tests", "HackerRank.DataStructures.Tests\HackerRank.DataStructures.Tests.csproj", "{6969978F-EB10-49BE-A469-A2661AF95069}"
EndProject
Project("{9A19103F-16F7-4668-BE54-9A1E7A4F7556}") = "HackerRank.30DaysOfCode", "HackerRank.30DaysOfCode\HackerRank.30DaysOfCode.csproj", "{BCB39E42-BF6A-416C-99E9-9268FBAC99FF}"
EndProject
Project("{9A19103F-16F7-4668-BE54-9A1E7A4F7556}") = "HackerRank.Algorithms", "HackerRank.Algorithms\HackerRank.Algorithms.csproj", "{BED8A7A1-CCD2-49D0-931C-0EFFC0B3893B}"
EndProject
Project("{FAE04EC0-301F-11D3-BF4B-00C04F79EFBC}") = "HackerRank.30DaysOfCode.Tests", "HackerRank.30DaysOfCode.Tests\HackerRank.30DaysOfCode.Tests.csproj", "{570CEC75-6A49-4148-941A-8D7B678EA744}"
EndProject
Project("{FAE04EC0-301F-11D3-BF4B-00C04F79EFBC}") = "HackerRank.Algorithms.Tests", "HackerRank.Algorithms.Tests\HackerRank.Algorithms.Tests.csproj", "{0C68EBA1-6521-4210-A4CA-A7E0909E3E8C}"
EndProject
Global
	GlobalSection(SolutionConfigurationPlatforms) = preSolution
		Debug|Any CPU = Debug|Any CPU
		Release|Any CPU = Release|Any CPU
	EndGlobalSection
	GlobalSection(ProjectConfigurationPlatforms) = postSolution
		{572034BF-AF97-49E0-8FD1-F2C728150C02}.Debug|Any CPU.ActiveCfg = Debug|Any CPU
		{572034BF-AF97-49E0-8FD1-F2C728150C02}.Debug|Any CPU.Build.0 = Debug|Any CPU
		{572034BF-AF97-49E0-8FD1-F2C728150C02}.Release|Any CPU.ActiveCfg = Release|Any CPU
		{572034BF-AF97-49E0-8FD1-F2C728150C02}.Release|Any CPU.Build.0 = Release|Any CPU
		{6969978F-EB10-49BE-A469-A2661AF95069}.Debug|Any CPU.ActiveCfg = Debug|Any CPU
		{6969978F-EB10-49BE-A469-A2661AF95069}.Debug|Any CPU.Build.0 = Debug|Any CPU
		{6969978F-EB10-49BE-A469-A2661AF95069}.Release|Any CPU.ActiveCfg = Release|Any CPU
		{6969978F-EB10-49BE-A469-A2661AF95069}.Release|Any CPU.Build.0 = Release|Any CPU
		{BCB39E42-BF6A-416C-99E9-9268FBAC99FF}.Debug|Any CPU.ActiveCfg = Debug|Any CPU
		{BCB39E42-BF6A-416C-99E9-9268FBAC99FF}.Debug|Any CPU.Build.0 = Debug|Any CPU
		{BCB39E42-BF6A-416C-99E9-9268FBAC99FF}.Release|Any CPU.ActiveCfg = Release|Any CPU
		{BCB39E42-BF6A-416C-99E9-9268FBAC99FF}.Release|Any CPU.Build.0 = Release|Any CPU
		{BED8A7A1-CCD2-49D0-931C-0EFFC0B3893B}.Debug|Any CPU.ActiveCfg = Debug|Any CPU
		{BED8A7A1-CCD2-49D0-931C-0EFFC0B3893B}.Debug|Any CPU.Build.0 = Debug|Any CPU
		{BED8A7A1-CCD2-49D0-931C-0EFFC0B3893B}.Release|Any CPU.ActiveCfg = Release|Any CPU
		{BED8A7A1-CCD2-49D0-931C-0EFFC0B3893B}.Release|Any CPU.Build.0 = Release|Any CPU
		{570CEC75-6A49-4148-941A-8D7B678EA744}.Debug|Any CPU.ActiveCfg = Debug|Any CPU
		{570CEC75-6A49-4148-941A-8D7B678EA744}.Debug|Any CPU.Build.0 = Debug|Any CPU
		{570CEC75-6A49-4148-941A-8D7B678EA744}.Release|Any CPU.ActiveCfg = Release|Any CPU
		{570CEC75-6A49-4148-941A-8D7B678EA744}.Release|Any CPU.Build.0 = Release|Any CPU
		{0C68EBA1-6521-4210-A4CA-A7E0909E3E8C}.Debug|Any CPU.ActiveCfg = Debug|Any CPU
		{0C68EBA1-6521-4210-A4CA-A7E0909E3E8C}.Debug|Any CPU.Build.0 = Debug|Any CPU
		{0C68EBA1-6521-4210-A4CA-A7E0909E3E8C}.Release|Any CPU.ActiveCfg = Release|Any CPU
		{0C68EBA1-6521-4210-A4CA-A7E0909E3E8C}.Release|Any CPU.Build.0 = Release|Any CPU
	EndGlobalSection
	GlobalSection(SolutionProperties) = preSolution
		HideSolutionNode = FALSE
	EndGlobalSection
	GlobalSection(ExtensibilityGlobals) = postSolution
		SolutionGuid = {456AEDCA-3FE6-4E4F-A66F-A39FF6D68F8B}
	EndGlobalSection
EndGlobal
